{
    "_readme": [
        "This file locks the dependencies of your project to a known state",
        "Read more about it at https://getcomposer.org/doc/01-basic-usage.md#installing-dependencies",
        "This file is @generated automatically"
    ],
    "content-hash": "3287a40df6b5179c9fd3d04c9c9f690f",
    "packages": [
        {
            "name": "minicli/minicli",
            "version": "2.1.2",
            "source": {
                "type": "git",
                "url": "https://github.com/minicli/minicli.git",
                "reference": "0518a532c35765246b8ccc7582111aa9a2866d04"
            },
            "dist": {
                "type": "zip",
                "url": "https://api.github.com/repos/minicli/minicli/zipball/0518a532c35765246b8ccc7582111aa9a2866d04",
                "reference": "0518a532c35765246b8ccc7582111aa9a2866d04",
                "shasum": ""
            },
            "require": {
                "ext-readline": "*",
                "php": ">=7.3"
            },
            "require-dev": {
                "friendsofphp/php-cs-fixer": "^2.16",
                "pestphp/pest": "^0.1.2",
                "phpunit/phpunit": "^9.0"
            },
            "type": "library",
            "autoload": {
                "psr-4": {
                    "Minicli\\": "src/",
                    "Assets\\": "tests/Assets"
                }
            },
            "notification-url": "https://packagist.org/downloads/",
            "license": [
                "MIT"
            ],
            "description": "Experimental micro CLI framework for PHP",
            "homepage": "https://github.com/minicli/minicli",
            "keywords": [
                "cli",
                "command-line"
            ],
            "time": "2020-06-13T09:04:06+00:00"
        }
    ],
    "packages-dev": [],
    "aliases": [],
    "minimum-stability": "stable",
    "stability-flags": [],
    "prefer-stable": false,
    "prefer-lowest": false,
    "platform": [],
    "platform-dev": []
}
